
Microsoft Visual Studio Solution File, Format Version 12.00
# Visual Studio Version 17
VisualStudioVersion = 17.14.36623.8 d17.14
MinimumVisualStudioVersion = 10.0.40219.1
Project("{8BC9CEB8-8B4A-11D0-8D11-00A0C91BC942}") = "Jeux de la vie", "Jeux de la vie\Jeux de la vie.vcxproj", "{6D9745F0-D853-466F-9FD3-9923116D1CE7}"
EndProject
Global
	GlobalSection(SolutionConfigurationPlatforms) = preSolution
		Debug|x64 = Debug|x64
		Debug|x86 = Debug|x86
		Release|x64 = Release|x64
		Release|x86 = Release|x86
	EndGlobalSection
	GlobalSection(ProjectConfigurationPlatforms) = postSolution
		{6D9745F0-D853-466F-9FD3-9923116D1CE7}.Debug|x64.ActiveCfg = Debug|x64
		{6D9745F0-D853-466F-9FD3-9923116D1CE7}.Debug|x64.Build.0 = Debug|x64
		{6D9745F0-D853-466F-9FD3-9923116D1CE7}.Debug|x86.ActiveCfg = Debug|Win32
		{6D9745F0-D853-466F-9FD3-9923116D1CE7}.Debug|x86.Build.0 = Debug|Win32
		{6D9745F0-D853-466F-9FD3-9923116D1CE7}.Release|x64.ActiveCfg = Release|x64
		{6D9745F0-D853-466F-9FD3-9923116D1CE7}.Release|x64.Build.0 = Release|x64
		{6D9745F0-D853-466F-9FD3-9923116D1CE7}.Release|x86.ActiveCfg = Release|Win32
		{6D9745F0-D853-466F-9FD3-9923116D1CE7}.Release|x86.Build.0 = Release|Win32
	EndGlobalSection
	GlobalSection(SolutionProperties) = preSolution
		HideSolutionNode = FALSE
	EndGlobalSection
	GlobalSection(ExtensibilityGlobals) = postSolution
		SolutionGuid = {F44B6DF1-F199-4191-9562-E933D38E8E40}
	EndGlobalSection
EndGlobal
